// !$*UTF8*$!
{
	archiveVersion = 1;
	classes = {
	};
	objectVersion = 77;
	objects = {

/* Begin PBXBuildFile section */
		A1112B1E2D2B4CB600BE9D0C /* DesignLibrary in Frameworks */ = {isa = PBXBuildFile; productRef = A1112B1D2D2B4CB600BE9D0C /* DesignLibrary */; };
		A19C8BB02DF6B499008A3A01 /* CasePaths in Frameworks */ = {isa = PBXBuildFile; productRef = A19C8BAF2DF6B499008A3A01 /* CasePaths */; };
		A19C8BB22DF6B4AC008A3A01 /* SwiftNavigation in Frameworks */ = {isa = PBXBuildFile; productRef = A19C8BB12DF6B4AC008A3A01 /* SwiftNavigation */; };
		A19C8BB42DF6B4AC008A3A01 /* SwiftUINavigation in Frameworks */ = {isa = PBXBuildFile; productRef = A19C8BB32DF6B4AC008A3A01 /* SwiftUINavigation */; };
		A1B319CE2D81669F00FBF2F7 /* NetworkLayerSPM in Frameworks */ = {isa = PBXBuildFile; productRef = A1B319CD2D81669F00FBF2F7 /* NetworkLayerSPM */; };
/* End PBXBuildFile section */

/* Begin PBXContainerItemProxy section */
		A1112AF62D2B41EC00BE9D0C /* PBXContainerItemProxy */ = {
			isa = PBXContainerItemProxy;
			containerPortal = A1112ADD2D2B41EA00BE9D0C /* Project object */;
			proxyType = 1;
			remoteGlobalIDString = A1112AE42D2B41EA00BE9D0C;
			remoteInfo = WellingtonEvents;
		};
		A1112B002D2B41EC00BE9D0C /* PBXContainerItemProxy */ = {
			isa = PBXContainerItemProxy;
			containerPortal = A1112ADD2D2B41EA00BE9D0C /* Project object */;
			proxyType = 1;
			remoteGlobalIDString = A1112AE42D2B41EA00BE9D0C;
			remoteInfo = WellingtonEvents;
		};
/* End PBXContainerItemProxy section */

/* Begin PBXFileReference section */
		A1112AE52D2B41EA00BE9D0C /* What's on Welly.app */ = {isa = PBXFileReference; explicitFileType = wrapper.application; includeInIndex = 0; path = "What's on Welly.app"; sourceTree = BUILT_PRODUCTS_DIR; };
		A1112AF52D2B41EC00BE9D0C /* WellingtonEventsTests.xctest */ = {isa = PBXFileReference; explicitFileType = wrapper.cfbundle; includeInIndex = 0; path = WellingtonEventsTests.xctest; sourceTree = BUILT_PRODUCTS_DIR; };
		A1112AFF2D2B41EC00BE9D0C /* WellingtonEventsUITests.xctest */ = {isa = PBXFileReference; explicitFileType = wrapper.cfbundle; includeInIndex = 0; path = WellingtonEventsUITests.xctest; sourceTree = BUILT_PRODUCTS_DIR; };
/* End PBXFileReference section */

/* Begin PBXFileSystemSynchronizedRootGroup section */
		A1112AE72D2B41EA00BE9D0C /* WellingtonEvents */ = {
			isa = PBXFileSystemSynchronizedRootGroup;
			path = WellingtonEvents;
			sourceTree = "<group>";
		};
		A1112AF82D2B41EC00BE9D0C /* WellingtonEventsTests */ = {
			isa = PBXFileSystemSynchronizedRootGroup;
			path = WellingtonEventsTests;
			sourceTree = "<group>";
		};
		A1112B022D2B41EC00BE9D0C /* WellingtonEventsUITests */ = {
			isa = PBXFileSystemSynchronizedRootGroup;
			path = WellingtonEventsUITests;
			sourceTree = "<group>";
		};
/* End PBXFileSystemSynchronizedRootGroup section */

/* Begin PBXFrameworksBuildPhase section */
		A1112AE22D2B41EA00BE9D0C /* Frameworks */ = {
			isa = PBXFrameworksBuildPhase;
			buildActionMask = 2147483647;
			files = (
				A19C8BB22DF6B4AC008A3A01 /* SwiftNavigation in Frameworks */,
				A1112B1E2D2B4CB600BE9D0C /* DesignLibrary in Frameworks */,
				A1B319CE2D81669F00FBF2F7 /* NetworkLayerSPM in Frameworks */,
				A19C8BB42DF6B4AC008A3A01 /* SwiftUINavigation in Frameworks */,
				A19C8BB02DF6B499008A3A01 /* CasePaths in Frameworks */,
			);
			runOnlyForDeploymentPostprocessing = 0;
		};
		A1112AF22D2B41EC00BE9D0C /* Frameworks */ = {
			isa = PBXFrameworksBuildPhase;
			buildActionMask = 2147483647;
			files = (
			);
			runOnlyForDeploymentPostprocessing = 0;
		};
		A1112AFC2D2B41EC00BE9D0C /* Frameworks */ = {
			isa = PBXFrameworksBuildPhase;
			buildActionMask = 2147483647;
			files = (
			);
			runOnlyForDeploymentPostprocessing = 0;
		};
/* End PBXFrameworksBuildPhase section */

/* Begin PBXGroup section */
		A1112ADC2D2B41EA00BE9D0C = {
			isa = PBXGroup;
			children = (
				A1112AE72D2B41EA00BE9D0C /* WellingtonEvents */,
				A1112AF82D2B41EC00BE9D0C /* WellingtonEventsTests */,
				A1112B022D2B41EC00BE9D0C /* WellingtonEventsUITests */,
				A1112B182D2B47DC00BE9D0C /* Frameworks */,
				A1112AE62D2B41EA00BE9D0C /* Products */,
			);
			sourceTree = "<group>";
		};
		A1112AE62D2B41EA00BE9D0C /* Products */ = {
			isa = PBXGroup;
			children = (
				A1112AE52D2B41EA00BE9D0C /* What's on Welly.app */,
				A1112AF52D2B41EC00BE9D0C /* WellingtonEventsTests.xctest */,
				A1112AFF2D2B41EC00BE9D0C /* WellingtonEventsUITests.xctest */,
			);
			name = Products;
			sourceTree = "<group>";
		};
		A1112B182D2B47DC00BE9D0C /* Frameworks */ = {
			isa = PBXGroup;
			children = (
			);
			name = Frameworks;
			sourceTree = "<group>";
		};
/* End PBXGroup section */

/* Begin PBXNativeTarget section */
		A1112AE42D2B41EA00BE9D0C /* WellingtonEvents */ = {
			isa = PBXNativeTarget;
			buildConfigurationList = A1112B092D2B41EC00BE9D0C /* Build configuration list for PBXNativeTarget "WellingtonEvents" */;
			buildPhases = (
				A1112AE12D2B41EA00BE9D0C /* Sources */,
				A1112AE22D2B41EA00BE9D0C /* Frameworks */,
				A1112AE32D2B41EA00BE9D0C /* Resources */,
			);
			buildRules = (
			);
			dependencies = (
			);
			fileSystemSynchronizedGroups = (
				A1112AE72D2B41EA00BE9D0C /* WellingtonEvents */,
			);
			name = WellingtonEvents;
			packageProductDependencies = (
				A1112B1D2D2B4CB600BE9D0C /* DesignLibrary */,
				A1B319CD2D81669F00FBF2F7 /* NetworkLayerSPM */,
				A19C8BAF2DF6B499008A3A01 /* CasePaths */,
				A19C8BB12DF6B4AC008A3A01 /* SwiftNavigation */,
				A19C8BB32DF6B4AC008A3A01 /* SwiftUINavigation */,
			);
			productName = WellingtonEvents;
			productReference = A1112AE52D2B41EA00BE9D0C /* What's on Welly.app */;
			productType = "com.apple.product-type.application";
		};
		A1112AF42D2B41EC00BE9D0C /* WellingtonEventsTests */ = {
			isa = PBXNativeTarget;
			buildConfigurationList = A1112B0C2D2B41EC00BE9D0C /* Build configuration list for PBXNativeTarget "WellingtonEventsTests" */;
			buildPhases = (
				A1112AF12D2B41EC00BE9D0C /* Sources */,
				A1112AF22D2B41EC00BE9D0C /* Frameworks */,
				A1112AF32D2B41EC00BE9D0C /* Resources */,
			);
			buildRules = (
			);
			dependencies = (
				A1112AF72D2B41EC00BE9D0C /* PBXTargetDependency */,
			);
			fileSystemSynchronizedGroups = (
				A1112AF82D2B41EC00BE9D0C /* WellingtonEventsTests */,
			);
			name = WellingtonEventsTests;
			packageProductDependencies = (
			);
			productName = WellingtonEventsTests;
			productReference = A1112AF52D2B41EC00BE9D0C /* WellingtonEventsTests.xctest */;
			productType = "com.apple.product-type.bundle.unit-test";
		};
		A1112AFE2D2B41EC00BE9D0C /* WellingtonEventsUITests */ = {
			isa = PBXNativeTarget;
			buildConfigurationList = A1112B0F2D2B41EC00BE9D0C /* Build configuration list for PBXNativeTarget "WellingtonEventsUITests" */;
			buildPhases = (
				A1112AFB2D2B41EC00BE9D0C /* Sources */,
				A1112AFC2D2B41EC00BE9D0C /* Frameworks */,
				A1112AFD2D2B41EC00BE9D0C /* Resources */,
			);
			buildRules = (
			);
			dependencies = (
				A1112B012D2B41EC00BE9D0C /* PBXTargetDependency */,
			);
			fileSystemSynchronizedGroups = (
				A1112B022D2B41EC00BE9D0C /* WellingtonEventsUITests */,
			);
			name = WellingtonEventsUITests;
			packageProductDependencies = (
			);
			productName = WellingtonEventsUITests;
			productReference = A1112AFF2D2B41EC00BE9D0C /* WellingtonEventsUITests.xctest */;
			productType = "com.apple.product-type.bundle.ui-testing";
		};
/* End PBXNativeTarget section */

/* Begin PBXProject section */
		A1112ADD2D2B41EA00BE9D0C /* Project object */ = {
			isa = PBXProject;
			attributes = {
				BuildIndependentTargetsInParallel = 1;
				LastSwiftUpdateCheck = 1600;
				LastUpgradeCheck = 1600;
				TargetAttributes = {
					A1112AE42D2B41EA00BE9D0C = {
						CreatedOnToolsVersion = 16.0;
					};
					A1112AF42D2B41EC00BE9D0C = {
						CreatedOnToolsVersion = 16.0;
						TestTargetID = A1112AE42D2B41EA00BE9D0C;
					};
					A1112AFE2D2B41EC00BE9D0C = {
						CreatedOnToolsVersion = 16.0;
						TestTargetID = A1112AE42D2B41EA00BE9D0C;
					};
				};
			};
			buildConfigurationList = A1112AE02D2B41EA00BE9D0C /* Build configuration list for PBXProject "WellingtonEvents" */;
			developmentRegion = en;
			hasScannedForEncodings = 0;
			knownRegions = (
				en,
				Base,
			);
			mainGroup = A1112ADC2D2B41EA00BE9D0C;
			minimizedProjectReferenceProxies = 1;
			packageReferences = (
				A1112B132D2B42B800BE9D0C /* XCRemoteSwiftPackageReference "Desing-Library-SPM" */,
				A1B319CC2D81657600FBF2F7 /* XCRemoteSwiftPackageReference "NetworkLayerSPM" */,
				A1BEDF982DF6B34F00A2F362 /* XCRemoteSwiftPackageReference "swift-navigation" */,
				A1BEDF992DF6B35E00A2F362 /* XCRemoteSwiftPackageReference "swift-case-paths" */,
			);
			preferredProjectObjectVersion = 77;
			productRefGroup = A1112AE62D2B41EA00BE9D0C /* Products */;
			projectDirPath = "";
			projectRoot = "";
			targets = (
				A1112AE42D2B41EA00BE9D0C /* WellingtonEvents */,
				A1112AF42D2B41EC00BE9D0C /* WellingtonEventsTests */,
				A1112AFE2D2B41EC00BE9D0C /* WellingtonEventsUITests */,
			);
		};
/* End PBXProject section */

/* Begin PBXResourcesBuildPhase section */
		A1112AE32D2B41EA00BE9D0C /* Resources */ = {
			isa = PBXResourcesBuildPhase;
			buildActionMask = 2147483647;
			files = (
			);
			runOnlyForDeploymentPostprocessing = 0;
		};
		A1112AF32D2B41EC00BE9D0C /* Resources */ = {
			isa = PBXResourcesBuildPhase;
			buildActionMask = 2147483647;
			files = (
			);
			runOnlyForDeploymentPostprocessing = 0;
		};
		A1112AFD2D2B41EC00BE9D0C /* Resources */ = {
			isa = PBXResourcesBuildPhase;
			buildActionMask = 2147483647;
			files = (
			);
			runOnlyForDeploymentPostprocessing = 0;
		};
/* End PBXResourcesBuildPhase section */

/* Begin PBXSourcesBuildPhase section */
		A1112AE12D2B41EA00BE9D0C /* Sources */ = {
			isa = PBXSourcesBuildPhase;
			buildActionMask = 2147483647;
			files = (
			);
			runOnlyForDeploymentPostprocessing = 0;
		};
		A1112AF12D2B41EC00BE9D0C /* Sources */ = {
			isa = PBXSourcesBuildPhase;
			buildActionMask = 2147483647;
			files = (
			);
			runOnlyForDeploymentPostprocessing = 0;
		};
		A1112AFB2D2B41EC00BE9D0C /* Sources */ = {
			isa = PBXSourcesBuildPhase;
			buildActionMask = 2147483647;
			files = (
			);
			runOnlyForDeploymentPostprocessing = 0;
		};
/* End PBXSourcesBuildPhase section */

/* Begin PBXTargetDependency section */
		A1112AF72D2B41EC00BE9D0C /* PBXTargetDependency */ = {
			isa = PBXTargetDependency;
			target = A1112AE42D2B41EA00BE9D0C /* WellingtonEvents */;
			targetProxy = A1112AF62D2B41EC00BE9D0C /* PBXContainerItemProxy */;
		};
		A1112B012D2B41EC00BE9D0C /* PBXTargetDependency */ = {
			isa = PBXTargetDependency;
			target = A1112AE42D2B41EA00BE9D0C /* WellingtonEvents */;
			targetProxy = A1112B002D2B41EC00BE9D0C /* PBXContainerItemProxy */;
		};
/* End PBXTargetDependency section */

/* Begin XCBuildConfiguration section */
		A1112B072D2B41EC00BE9D0C /* Debug */ = {
			isa = XCBuildConfiguration;
			buildSettings = {
				ALWAYS_SEARCH_USER_PATHS = NO;
				ASSETCATALOG_COMPILER_GENERATE_SWIFT_ASSET_SYMBOL_EXTENSIONS = YES;
				CLANG_ANALYZER_NONNULL = YES;
				CLANG_ANALYZER_NUMBER_OBJECT_CONVERSION = YES_AGGRESSIVE;
				CLANG_CXX_LANGUAGE_STANDARD = "gnu++20";
				CLANG_ENABLE_MODULES = YES;
				CLANG_ENABLE_OBJC_ARC = YES;
				CLANG_ENABLE_OBJC_WEAK = YES;
				CLANG_WARN_BLOCK_CAPTURE_AUTORELEASING = YES;
				CLANG_WARN_BOOL_CONVERSION = YES;
				CLANG_WARN_COMMA = YES;
				CLANG_WARN_CONSTANT_CONVERSION = YES;
				CLANG_WARN_DEPRECATED_OBJC_IMPLEMENTATIONS = YES;
				CLANG_WARN_DIRECT_OBJC_ISA_USAGE = YES_ERROR;
				CLANG_WARN_DOCUMENTATION_COMMENTS = YES;
				CLANG_WARN_EMPTY_BODY = YES;
				CLANG_WARN_ENUM_CONVERSION = YES;
				CLANG_WARN_INFINITE_RECURSION = YES;
				CLANG_WARN_INT_CONVERSION = YES;
				CLANG_WARN_NON_LITERAL_NULL_CONVERSION = YES;
				CLANG_WARN_OBJC_IMPLICIT_RETAIN_SELF = YES;
				CLANG_WARN_OBJC_LITERAL_CONVERSION = YES;
				CLANG_WARN_OBJC_ROOT_CLASS = YES_ERROR;
				CLANG_WARN_QUOTED_INCLUDE_IN_FRAMEWORK_HEADER = YES;
				CLANG_WARN_RANGE_LOOP_ANALYSIS = YES;
				CLANG_WARN_STRICT_PROTOTYPES = YES;
				CLANG_WARN_SUSPICIOUS_MOVE = YES;
				CLANG_WARN_UNGUARDED_AVAILABILITY = YES_AGGRESSIVE;
				CLANG_WARN_UNREACHABLE_CODE = YES;
				CLANG_WARN__DUPLICATE_METHOD_MATCH = YES;
				COPY_PHASE_STRIP = NO;
				DEBUG_INFORMATION_FORMAT = dwarf;
				ENABLE_STRICT_OBJC_MSGSEND = YES;
				ENABLE_TESTABILITY = YES;
				ENABLE_USER_SCRIPT_SANDBOXING = YES;
				GCC_C_LANGUAGE_STANDARD = gnu17;
				GCC_DYNAMIC_NO_PIC = NO;
				GCC_NO_COMMON_BLOCKS = YES;
				GCC_OPTIMIZATION_LEVEL = 0;
				GCC_PREPROCESSOR_DEFINITIONS = (
					"DEBUG=1",
					"$(inherited)",
				);
				GCC_WARN_64_TO_32_BIT_CONVERSION = YES;
				GCC_WARN_ABOUT_RETURN_TYPE = YES_ERROR;
				GCC_WARN_UNDECLARED_SELECTOR = YES;
				GCC_WARN_UNINITIALIZED_AUTOS = YES_AGGRESSIVE;
				GCC_WARN_UNUSED_FUNCTION = YES;
				GCC_WARN_UNUSED_VARIABLE = YES;
				IPHONEOS_DEPLOYMENT_TARGET = 18.0;
				LOCALIZATION_PREFERS_STRING_CATALOGS = YES;
				MTL_ENABLE_DEBUG_INFO = INCLUDE_SOURCE;
				MTL_FAST_MATH = YES;
				ONLY_ACTIVE_ARCH = YES;
				PRODUCT_NAME = "What's on Welly";
				SDKROOT = iphoneos;
				SWIFT_ACTIVE_COMPILATION_CONDITIONS = "DEBUG $(inherited)";
				SWIFT_EMIT_LOC_STRINGS = YES;
				SWIFT_OPTIMIZATION_LEVEL = "-Onone";
			};
			name = Debug;
		};
		A1112B082D2B41EC00BE9D0C /* Release */ = {
			isa = XCBuildConfiguration;
			buildSettings = {
				ALWAYS_SEARCH_USER_PATHS = NO;
				ASSETCATALOG_COMPILER_GENERATE_SWIFT_ASSET_SYMBOL_EXTENSIONS = YES;
				CLANG_ANALYZER_NONNULL = YES;
				CLANG_ANALYZER_NUMBER_OBJECT_CONVERSION = YES_AGGRESSIVE;
				CLANG_CXX_LANGUAGE_STANDARD = "gnu++20";
				CLANG_ENABLE_MODULES = YES;
				CLANG_ENABLE_OBJC_ARC = YES;
				CLANG_ENABLE_OBJC_WEAK = YES;
				CLANG_WARN_BLOCK_CAPTURE_AUTORELEASING = YES;
				CLANG_WARN_BOOL_CONVERSION = YES;
				CLANG_WARN_COMMA = YES;
				CLANG_WARN_CONSTANT_CONVERSION = YES;
				CLANG_WARN_DEPRECATED_OBJC_IMPLEMENTATIONS = YES;
				CLANG_WARN_DIRECT_OBJC_ISA_USAGE = YES_ERROR;
				CLANG_WARN_DOCUMENTATION_COMMENTS = YES;
				CLANG_WARN_EMPTY_BODY = YES;
				CLANG_WARN_ENUM_CONVERSION = YES;
				CLANG_WARN_INFINITE_RECURSION = YES;
				CLANG_WARN_INT_CONVERSION = YES;
				CLANG_WARN_NON_LITERAL_NULL_CONVERSION = YES;
				CLANG_WARN_OBJC_IMPLICIT_RETAIN_SELF = YES;
				CLANG_WARN_OBJC_LITERAL_CONVERSION = YES;
				CLANG_WARN_OBJC_ROOT_CLASS = YES_ERROR;
				CLANG_WARN_QUOTED_INCLUDE_IN_FRAMEWORK_HEADER = YES;
				CLANG_WARN_RANGE_LOOP_ANALYSIS = YES;
				CLANG_WARN_STRICT_PROTOTYPES = YES;
				CLANG_WARN_SUSPICIOUS_MOVE = YES;
				CLANG_WARN_UNGUARDED_AVAILABILITY = YES_AGGRESSIVE;
				CLANG_WARN_UNREACHABLE_CODE = YES;
				CLANG_WARN__DUPLICATE_METHOD_MATCH = YES;
				COPY_PHASE_STRIP = NO;
				DEBUG_INFORMATION_FORMAT = "dwarf-with-dsym";
				ENABLE_NS_ASSERTIONS = NO;
				ENABLE_STRICT_OBJC_MSGSEND = YES;
				ENABLE_USER_SCRIPT_SANDBOXING = YES;
				GCC_C_LANGUAGE_STANDARD = gnu17;
				GCC_NO_COMMON_BLOCKS = YES;
				GCC_WARN_64_TO_32_BIT_CONVERSION = YES;
				GCC_WARN_ABOUT_RETURN_TYPE = YES_ERROR;
				GCC_WARN_UNDECLARED_SELECTOR = YES;
				GCC_WARN_UNINITIALIZED_AUTOS = YES_AGGRESSIVE;
				GCC_WARN_UNUSED_FUNCTION = YES;
				GCC_WARN_UNUSED_VARIABLE = YES;
				IPHONEOS_DEPLOYMENT_TARGET = 18.0;
				LOCALIZATION_PREFERS_STRING_CATALOGS = YES;
				MTL_ENABLE_DEBUG_INFO = NO;
				MTL_FAST_MATH = YES;
				PRODUCT_NAME = "What's on Welly";
				SDKROOT = iphoneos;
				SWIFT_COMPILATION_MODE = wholemodule;
				SWIFT_EMIT_LOC_STRINGS = YES;
				VALIDATE_PRODUCT = YES;
			};
			name = Release;
		};
		A1112B0A2D2B41EC00BE9D0C /* Debug */ = {
			isa = XCBuildConfiguration;
			buildSettings = {
				ASSETCATALOG_COMPILER_APPICON_NAME = AppIcon;
				ASSETCATALOG_COMPILER_GLOBAL_ACCENT_COLOR_NAME = AccentColor;
				CODE_SIGN_STYLE = Automatic;
				CURRENT_PROJECT_VERSION = 1;
				DEVELOPMENT_ASSET_PATHS = "\"WellingtonEvents/Preview Content\"";
				DEVELOPMENT_TEAM = 6K524MKAFK;
				ENABLE_PREVIEWS = YES;
				GENERATE_INFOPLIST_FILE = YES;
				INFOPLIST_KEY_NSCalendarsUsageDescription = "\"Calander access needed to store events into calander";
				INFOPLIST_KEY_UIApplicationSceneManifest_Generation = YES;
				INFOPLIST_KEY_UIApplicationSupportsIndirectInputEvents = YES;
				INFOPLIST_KEY_UILaunchScreen_Generation = YES;
				INFOPLIST_KEY_UISupportedInterfaceOrientations_iPad = "UIInterfaceOrientationPortrait UIInterfaceOrientationPortraitUpsideDown UIInterfaceOrientationLandscapeLeft UIInterfaceOrientationLandscapeRight";
				INFOPLIST_KEY_UISupportedInterfaceOrientations_iPhone = "UIInterfaceOrientationPortrait UIInterfaceOrientationLandscapeLeft UIInterfaceOrientationLandscapeRight";
				LD_RUNPATH_SEARCH_PATHS = (
					"$(inherited)",
					"@executable_path/Frameworks",
				);
				MARKETING_VERSION = 1.0;
				PRODUCT_BUNDLE_IDENTIFIER = LocalizationLibraryApp.WellingtonEvents;
				PRODUCT_NAME = "What's on Welly";
				SWIFT_EMIT_LOC_STRINGS = YES;
				SWIFT_VERSION = 5.0;
				TARGETED_DEVICE_FAMILY = "1,2";
			};
			name = Debug;
		};
		A1112B0B2D2B41EC00BE9D0C /* Release */ = {
			isa = XCBuildConfiguration;
			buildSettings = {
				ASSETCATALOG_COMPILER_APPICON_NAME = AppIcon;
				ASSETCATALOG_COMPILER_GLOBAL_ACCENT_COLOR_NAME = AccentColor;
				CODE_SIGN_STYLE = Automatic;
				CURRENT_PROJECT_VERSION = 1;
				DEVELOPMENT_ASSET_PATHS = "\"WellingtonEvents/Preview Content\"";
				DEVELOPMENT_TEAM = 6K524MKAFK;
				ENABLE_PREVIEWS = YES;
				GENERATE_INFOPLIST_FILE = YES;
				INFOPLIST_KEY_NSCalendarsUsageDescription = "\"Calander access needed to store events into calander";
				INFOPLIST_KEY_UIApplicationSceneManifest_Generation = YES;
				INFOPLIST_KEY_UIApplicationSupportsIndirectInputEvents = YES;
				INFOPLIST_KEY_UILaunchScreen_Generation = YES;
				INFOPLIST_KEY_UISupportedInterfaceOrientations_iPad = "UIInterfaceOrientationPortrait UIInterfaceOrientationPortraitUpsideDown UIInterfaceOrientationLandscapeLeft UIInterfaceOrientationLandscapeRight";
				INFOPLIST_KEY_UISupportedInterfaceOrientations_iPhone = "UIInterfaceOrientationPortrait UIInterfaceOrientationLandscapeLeft UIInterfaceOrientationLandscapeRight";
				LD_RUNPATH_SEARCH_PATHS = (
					"$(inherited)",
					"@executable_path/Frameworks",
				);
				MARKETING_VERSION = 1.0;
				PRODUCT_BUNDLE_IDENTIFIER = LocalizationLibraryApp.WellingtonEvents;
				PRODUCT_NAME = "What's on Welly";
				SWIFT_EMIT_LOC_STRINGS = YES;
				SWIFT_VERSION = 5.0;
				TARGETED_DEVICE_FAMILY = "1,2";
			};
			name = Release;
		};
		A1112B0D2D2B41EC00BE9D0C /* Debug */ = {
			isa = XCBuildConfiguration;
			buildSettings = {
				BUNDLE_LOADER = "$(TEST_HOST)";
				CODE_SIGN_STYLE = Automatic;
				CURRENT_PROJECT_VERSION = 1;
				GENERATE_INFOPLIST_FILE = YES;
				IPHONEOS_DEPLOYMENT_TARGET = 18.0;
				MARKETING_VERSION = 1.0;
				PRODUCT_BUNDLE_IDENTIFIER = LocalizationLibraryApp.WellingtonEventsTests;
				PRODUCT_NAME = "$(TARGET_NAME)";
				SWIFT_EMIT_LOC_STRINGS = NO;
				SWIFT_VERSION = 5.0;
				TARGETED_DEVICE_FAMILY = "1,2";
				TEST_HOST = "$(BUILT_PRODUCTS_DIR)/WellingtonEvents.app/$(BUNDLE_EXECUTABLE_FOLDER_PATH)/WellingtonEvents";
			};
			name = Debug;
		};
		A1112B0E2D2B41EC00BE9D0C /* Release */ = {
			isa = XCBuildConfiguration;
			buildSettings = {
				BUNDLE_LOADER = "$(TEST_HOST)";
				CODE_SIGN_STYLE = Automatic;
				CURRENT_PROJECT_VERSION = 1;
				GENERATE_INFOPLIST_FILE = YES;
				IPHONEOS_DEPLOYMENT_TARGET = 18.0;
				MARKETING_VERSION = 1.0;
				PRODUCT_BUNDLE_IDENTIFIER = LocalizationLibraryApp.WellingtonEventsTests;
				PRODUCT_NAME = "$(TARGET_NAME)";
				SWIFT_EMIT_LOC_STRINGS = NO;
				SWIFT_VERSION = 5.0;
				TARGETED_DEVICE_FAMILY = "1,2";
				TEST_HOST = "$(BUILT_PRODUCTS_DIR)/WellingtonEvents.app/$(BUNDLE_EXECUTABLE_FOLDER_PATH)/WellingtonEvents";
			};
			name = Release;
		};
		A1112B102D2B41EC00BE9D0C /* Debug */ = {
			isa = XCBuildConfiguration;
			buildSettings = {
				CODE_SIGN_STYLE = Automatic;
				CURRENT_PROJECT_VERSION = 1;
				GENERATE_INFOPLIST_FILE = YES;
				MARKETING_VERSION = 1.0;
				PRODUCT_BUNDLE_IDENTIFIER = LocalizationLibraryApp.WellingtonEventsUITests;
				PRODUCT_NAME = "$(TARGET_NAME)";
				SWIFT_EMIT_LOC_STRINGS = NO;
				SWIFT_VERSION = 5.0;
				TARGETED_DEVICE_FAMILY = "1,2";
				TEST_TARGET_NAME = WellingtonEvents;
			};
			name = Debug;
		};
		A1112B112D2B41EC00BE9D0C /* Release */ = {
			isa = XCBuildConfiguration;
			buildSettings = {
				CODE_SIGN_STYLE = Automatic;
				CURRENT_PROJECT_VERSION = 1;
				GENERATE_INFOPLIST_FILE = YES;
				MARKETING_VERSION = 1.0;
				PRODUCT_BUNDLE_IDENTIFIER = LocalizationLibraryApp.WellingtonEventsUITests;
				PRODUCT_NAME = "$(TARGET_NAME)";
				SWIFT_EMIT_LOC_STRINGS = NO;
				SWIFT_VERSION = 5.0;
				TARGETED_DEVICE_FAMILY = "1,2";
				TEST_TARGET_NAME = WellingtonEvents;
			};
			name = Release;
		};
/* End XCBuildConfiguration section */

/* Begin XCConfigurationList section */
		A1112AE02D2B41EA00BE9D0C /* Build configuration list for PBXProject "WellingtonEvents" */ = {
			isa = XCConfigurationList;
			buildConfigurations = (
				A1112B072D2B41EC00BE9D0C /* Debug */,
				A1112B082D2B41EC00BE9D0C /* Release */,
			);
			defaultConfigurationIsVisible = 0;
			defaultConfigurationName = Release;
		};
		A1112B092D2B41EC00BE9D0C /* Build configuration list for PBXNativeTarget "WellingtonEvents" */ = {
			isa = XCConfigurationList;
			buildConfigurations = (
				A1112B0A2D2B41EC00BE9D0C /* Debug */,
				A1112B0B2D2B41EC00BE9D0C /* Release */,
			);
			defaultConfigurationIsVisible = 0;
			defaultConfigurationName = Release;
		};
		A1112B0C2D2B41EC00BE9D0C /* Build configuration list for PBXNativeTarget "WellingtonEventsTests" */ = {
			isa = XCConfigurationList;
			buildConfigurations = (
				A1112B0D2D2B41EC00BE9D0C /* Debug */,
				A1112B0E2D2B41EC00BE9D0C /* Release */,
			);
			defaultConfigurationIsVisible = 0;
			defaultConfigurationName = Release;
		};
		A1112B0F2D2B41EC00BE9D0C /* Build configuration list for PBXNativeTarget "WellingtonEventsUITests" */ = {
			isa = XCConfigurationList;
			buildConfigurations = (
				A1112B102D2B41EC00BE9D0C /* Debug */,
				A1112B112D2B41EC00BE9D0C /* Release */,
			);
			defaultConfigurationIsVisible = 0;
			defaultConfigurationName = Release;
		};
/* End XCConfigurationList section */

/* Begin XCRemoteSwiftPackageReference section */
		A1112B132D2B42B800BE9D0C /* XCRemoteSwiftPackageReference "Desing-Library-SPM" */ = {
			isa = XCRemoteSwiftPackageReference;
			repositoryURL = "https://github.com/intiMRA/Desing-Library-SPM";
			requirement = {
				branch = main;
				kind = branch;
			};
		};
		A1B319CC2D81657600FBF2F7 /* XCRemoteSwiftPackageReference "NetworkLayerSPM" */ = {
			isa = XCRemoteSwiftPackageReference;
			repositoryURL = "https://github.com/intiMRA/NetworkLayerSPM.git";
			requirement = {
				branch = main;
				kind = branch;
			};
		};
		A1BEDF982DF6B34F00A2F362 /* XCRemoteSwiftPackageReference "swift-navigation" */ = {
			isa = XCRemoteSwiftPackageReference;
			repositoryURL = "https://github.com/pointfreeco/swift-navigation.git";
			requirement = {
				kind = upToNextMajorVersion;
				minimumVersion = 2.3.1;
			};
		};
		A1BEDF992DF6B35E00A2F362 /* XCRemoteSwiftPackageReference "swift-case-paths" */ = {
			isa = XCRemoteSwiftPackageReference;
			repositoryURL = "https://github.com/pointfreeco/swift-case-paths.git";
			requirement = {
				kind = upToNextMajorVersion;
				minimumVersion = 1.7.0;
			};
		};
/* End XCRemoteSwiftPackageReference section */

/* Begin XCSwiftPackageProductDependency section */
		A1112B1D2D2B4CB600BE9D0C /* DesignLibrary */ = {
			isa = XCSwiftPackageProductDependency;
			package = A1112B132D2B42B800BE9D0C /* XCRemoteSwiftPackageReference "Desing-Library-SPM" */;
			productName = DesignLibrary;
		};
		A19C8BAF2DF6B499008A3A01 /* CasePaths */ = {
			isa = XCSwiftPackageProductDependency;
			package = A1BEDF992DF6B35E00A2F362 /* XCRemoteSwiftPackageReference "swift-case-paths" */;
			productName = CasePaths;
		};
		A19C8BB12DF6B4AC008A3A01 /* SwiftNavigation */ = {
			isa = XCSwiftPackageProductDependency;
			package = A1BEDF982DF6B34F00A2F362 /* XCRemoteSwiftPackageReference "swift-navigation" */;
			productName = SwiftNavigation;
		};
		A19C8BB32DF6B4AC008A3A01 /* SwiftUINavigation */ = {
			isa = XCSwiftPackageProductDependency;
			package = A1BEDF982DF6B34F00A2F362 /* XCRemoteSwiftPackageReference "swift-navigation" */;
			productName = SwiftUINavigation;
		};
		A1B319CD2D81669F00FBF2F7 /* NetworkLayerSPM */ = {
			isa = XCSwiftPackageProductDependency;
			package = A1B319CC2D81657600FBF2F7 /* XCRemoteSwiftPackageReference "NetworkLayerSPM" */;
			productName = NetworkLayerSPM;
		};
/* End XCSwiftPackageProductDependency section */
	};
	rootObject = A1112ADD2D2B41EA00BE9D0C /* Project object */;
}
